
Microsoft Visual Studio Solution File, Format Version 12.00
# Visual Studio Version 17
VisualStudioVersion = 17.5.33502.453
MinimumVisualStudioVersion = 10.0.40219.1
Project("{FAE04EC0-301F-11D3-BF4B-00C04F79EFBC}") = "BlazorServerAppDemo", "BlazorServerAppDemo\BlazorServerAppDemo.csproj", "{24BEEFAB-3FD2-4DB4-BB39-6CD5287B628C}"
EndProject
Global
	GlobalSection(SolutionConfigurationPlatforms) = preSolution
		Debug|Any CPU = Debug|Any CPU
		Release|Any CPU = Release|Any CPU
	EndGlobalSection
	GlobalSection(ProjectConfigurationPlatforms) = postSolution
		{24BEEFAB-3FD2-4DB4-BB39-6CD5287B628C}.Debug|Any CPU.ActiveCfg = Debug|Any CPU
		{24BEEFAB-3FD2-4DB4-BB39-6CD5287B628C}.Debug|Any CPU.Build.0 = Debug|Any CPU
		{24BEEFAB-3FD2-4DB4-BB39-6CD5287B628C}.Release|Any CPU.ActiveCfg = Release|Any CPU
		{24BEEFAB-3FD2-4DB4-BB39-6CD5287B628C}.Release|Any CPU.Build.0 = Release|Any CPU
	EndGlobalSection
	GlobalSection(SolutionProperties) = preSolution
		HideSolutionNode = FALSE
	EndGlobalSection
	GlobalSection(ExtensibilityGlobals) = postSolution
		SolutionGuid = {363E3FCF-7937-4C33-9EA9-2C62485788DE}
	EndGlobalSection
EndGlobal
